
Microsoft Visual Studio Solution File, Format Version 12.00
# Visual Studio 2012
Project("{FAE04EC0-301F-11D3-BF4B-00C04F79EFBC}") = "bcompliantsolution", "bcompliantsolution\bcompliantsolution.csproj", "{70B26A40-8D30-4B99-AA92-703950F80E2E}"
EndProject
Project("{FAE04EC0-301F-11D3-BF4B-00C04F79EFBC}") = "Infrastructure", "Infrastructure\Infrastructure.csproj", "{08853546-F662-49E0-9B37-C9C1C59D3DAE}"
EndProject
Project("{FAE04EC0-301F-11D3-BF4B-00C04F79EFBC}") = "Models", "Models\Models.csproj", "{13FABC3B-D161-43D3-89C0-0CC19503F7FE}"
EndProject
Global
	GlobalSection(SolutionConfigurationPlatforms) = preSolution
		Debug|Any CPU = Debug|Any CPU
		Release|Any CPU = Release|Any CPU
	EndGlobalSection
	GlobalSection(ProjectConfigurationPlatforms) = postSolution
		{70B26A40-8D30-4B99-AA92-703950F80E2E}.Debug|Any CPU.ActiveCfg = Debug|Any CPU
		{70B26A40-8D30-4B99-AA92-703950F80E2E}.Debug|Any CPU.Build.0 = Debug|Any CPU
		{70B26A40-8D30-4B99-AA92-703950F80E2E}.Release|Any CPU.ActiveCfg = Release|Any CPU
		{70B26A40-8D30-4B99-AA92-703950F80E2E}.Release|Any CPU.Build.0 = Release|Any CPU
		{08853546-F662-49E0-9B37-C9C1C59D3DAE}.Debug|Any CPU.ActiveCfg = Debug|Any CPU
		{08853546-F662-49E0-9B37-C9C1C59D3DAE}.Debug|Any CPU.Build.0 = Debug|Any CPU
		{08853546-F662-49E0-9B37-C9C1C59D3DAE}.Release|Any CPU.ActiveCfg = Release|Any CPU
		{08853546-F662-49E0-9B37-C9C1C59D3DAE}.Release|Any CPU.Build.0 = Release|Any CPU
		{13FABC3B-D161-43D3-89C0-0CC19503F7FE}.Debug|Any CPU.ActiveCfg = Debug|Any CPU
		{13FABC3B-D161-43D3-89C0-0CC19503F7FE}.Debug|Any CPU.Build.0 = Debug|Any CPU
		{13FABC3B-D161-43D3-89C0-0CC19503F7FE}.Release|Any CPU.ActiveCfg = Release|Any CPU
		{13FABC3B-D161-43D3-89C0-0CC19503F7FE}.Release|Any CPU.Build.0 = Release|Any CPU
	EndGlobalSection
EndGlobal
